
Microsoft Visual Studio Solution File, Format Version 12.00
# Visual Studio 15
VisualStudioVersion = 15.0.28307.489
MinimumVisualStudioVersion = 10.0.40219.1
Project("{888888A0-9F3D-457C-B088-3A5042F75D52}") = "one_line_program", "one_line_program\one_line_program.pyproj", "{9812EC42-E9BE-487E-8EAD-68C1FE5B999A}"
EndProject
Global
	GlobalSection(SolutionConfigurationPlatforms) = preSolution
		Debug|Any CPU = Debug|Any CPU
		Release|Any CPU = Release|Any CPU
	EndGlobalSection
	GlobalSection(ProjectConfigurationPlatforms) = postSolution
		{9812EC42-E9BE-487E-8EAD-68C1FE5B999A}.Debug|Any CPU.ActiveCfg = Debug|Any CPU
		{9812EC42-E9BE-487E-8EAD-68C1FE5B999A}.Release|Any CPU.ActiveCfg = Release|Any CPU
	EndGlobalSection
	GlobalSection(SolutionProperties) = preSolution
		HideSolutionNode = FALSE
	EndGlobalSection
	GlobalSection(ExtensibilityGlobals) = postSolution
		SolutionGuid = {22E2714A-6529-424F-82BE-D4BDFF72B43F}
	EndGlobalSection
EndGlobal
